{
    "_meta": {
        "hash": {
            "sha256": "a463cbc30c61fb929d41355583b97cc7be4e982289309ece41a58ecaab4f1c2d"
        },
        "pipfile-spec": 6,
        "requires": {
            "python_version": "3.7"
        },
        "sources": [
            {
                "name": "pypi",
                "url": "https://pypi.org/simple",
                "verify_ssl": true
            }
        ]
    },
    "default": {
        "absl-py": {
            "hashes": [
                "sha256:75e737d6ce7723d9ff9b7aa1ba3233c34be62ef18d5859e706b8fdc828989830"
            ],
            "version": "==0.9.0"
        },
        "apache-beam": {
            "extras": [
                "gcp"
            ],
            "hashes": [
                "sha256:012e327137dfb930aaed3b4ac2ead1e02e6e6e7d4522bc1f754c1ca5b0fdf323",
                "sha256:1131305399c4b4ba70343c06e916776c1c1c63d06fa502f43f920f82618e92c5",
                "sha256:1f67d67700a2cdd65d56217051782d29fa0093d1ab54b41f56317e86eb1f5976",
                "sha256:2f4e2eb2bc7bb4708e7cd410df27ed0f9d381548518145e41e91f7e1c4782634",
                "sha256:4ecd84bc6f24bcae42a9c21b4083ac1b5bead6959561c89d12a58791d889d3f3",
                "sha256:4fd3f3f40e0cdb4af5d15a503202279673e5785e0e236f4c626d4af854d42c95",
                "sha256:5a59c86ae8ece0b25caa8b9e98a1f86c5b6ff11952f18b2927ad330c4f78ee05",
                "sha256:64aa719719a6da24332d5b93ee55d81fd6796629d68a1c7a57418e9fc1d6079f",
                "sha256:67528395952694067371878b02d8d12dd43c41fe532fddb30682767867a23534",
                "sha256:7a81b47b74c2db6ab510a982d5e49b922d04f3ed06ab71bb229db249cac92767",
                "sha256:a2b7289c3b6a7801cad5dd9114c34872e31f13f939f94e0f67621687a95eef08",
                "sha256:a34b55de1115198837a567f64fb89d944d008c5e236fd70e89cead52684e1d4c",
                "sha256:b7c8ae4575b659853331b1e264e8c9ba64219b15927b442116d2e82f66589acf",
                "sha256:eb4e0a328815abfe6c388882ee5da13ff2bdfed84601428e10b7ce248fa6a28a",
                "sha256:fab8867790079409080e571c9266884d2fe48e270a2e3729258a73b2efa17c83"
            ],
            "index": "pypi",
            "version": "==2.19.0"
        },
        "astor": {
            "hashes": [
                "sha256:070a54e890cefb5b3739d19f30f5a5ec840ffc9c50ffa7d23cc9fc1a38ebbfc5",
                "sha256:6a6effda93f4e1ce9f618779b2dd1d9d84f1e32812c23a29b3fff6fd7f63fa5e"
            ],
            "version": "==0.8.1"
        },
        "avro-python3": {
            "hashes": [
                "sha256:ca1e77a3da5ac98e8833588f71fb2e170b38e34787ee0e04920de0e9470b7d32"
            ],
            "markers": "python_version >= '3.0'",
            "version": "==1.9.2.1"
        },
        "cachetools": {
            "hashes": [
                "sha256:428266a1c0d36dc5aca63a2d7c5942e88c2c898d72139fca0e97fdd2380517ae",
                "sha256:8ea2d3ce97850f31e4a08b0e2b5e6c34997d7216a9d2c98e0f3978630d4da69a"
            ],
            "version": "==3.1.1"
        },
        "certifi": {
            "hashes": [
                "sha256:1d987a998c75633c40847cc966fcf5904906c920a7f17ef374f5aa4282abd304",
                "sha256:51fcb31174be6e6664c5f69e3e1691a2d72a1a12e90f872cbdb1567eb47b6519"
            ],
            "version": "==2020.4.5.1"
        },
        "chardet": {
            "hashes": [
                "sha256:84ab92ed1c4d4f16916e05906b6b75a6c0fb5db821cc65e70cbd64a3e2a5eaae",
                "sha256:fc323ffcaeaed0e0a02bf4d117757b98aed530d9ed4531e3e15460124c106691"
            ],
            "version": "==3.0.4"
        },
        "crcmod": {
            "hashes": [
                "sha256:dc7051a0db5f2bd48665a990d3ec1cc305a466a77358ca4492826f41f283601e"
            ],
            "version": "==1.7"
        },
        "decorator": {
            "hashes": [
                "sha256:41fa54c2a0cc4ba648be4fd43cff00aedf5b9465c9bf18d64325bc225f08f760",
                "sha256:e3a62f0520172440ca0dcc823749319382e377f37f140a0b99ef45fecb84bfe7"
            ],
            "version": "==4.4.2"
        },
        "dill": {
            "hashes": [
                "sha256:42d8ef819367516592a825746a18073ced42ca169ab1f5f4044134703e7a049c"
            ],
            "version": "==0.3.1.1"
        },
        "docopt": {
            "hashes": [
                "sha256:49b3a825280bd66b3aa83585ef59c4a8c82f2c8a522dbe754a8bc8d08c85c491"
            ],
            "version": "==0.6.2"
        },
        "fastavro": {
            "hashes": [
                "sha256:060318a74998ed3da2c1716c8caec65b17538907a5cabccbe8a013ce3f39b309",
                "sha256:09eece85856dc6072f3e1642bc17acb0c735444a12c3bb0945d3621919d66adf",
                "sha256:0a1490b2ce7103de69bf8ef5d6b9d2e793a65fce69e189f71ffe0aa68bb14dc8",
                "sha256:25c5e1871fb82795f138aa209ca89cac940b80bf36fc644615354028bfd87638",
                "sha256:46db01aa4366f2d57241e9ea6ac2d5f5432cf7f3f9ce061e93cab6827843e14b",
                "sha256:4d34ad490769d3ecf26ceec50dcfb78a8e63fc156326c6ac6281d99096ffcfff",
                "sha256:53833334d669fd2600184dcc9e12725ad4fb7d8934a5ff8f91bfd730373490c8",
                "sha256:58537507bb4307c1e5af7c95623893841a34dc3ddbaa3f03505d13ec5e605cd5",
                "sha256:7934a9c69bd0f4e627f56fec06a74d7fa328bf3d426bfc839e8c225c39d18a30",
                "sha256:7a9dd16c56de6519cbc3f1ca42144740b9ec68f0a2002fa5624fac9804e7f76c",
                "sha256:7ac9bcf6e1226393d6db163f33ab5915e98ebf867fdab8f6239dc15c26f474da",
                "sha256:893444166791e7692bf1c710aff375e57a2406e4122e0a3eeb3eac4c7a80f592",
                "sha256:89a84322f0e59dadf98fa646d25e1fee22e7b7b5361cd1d58fb651f8f5c4c848",
                "sha256:9b2860e5a20c36b42dba87fad925af269ebee51478ccf60deda91fb9a54042bf",
                "sha256:aca98476caf95371cdf3e140616d7ac6b0eb32d06d8b09a93746ff90a85623a4",
                "sha256:ae09b2a29fdd7a4c785e9208248b79931a5be631f6bb58629512afac02fe7dce",
                "sha256:c466e72b17efcea18d01ff8c006e2c63dea660fe9a0a27c4b8a8263101b57e51",
                "sha256:ed6564e60d1daf43885d1d33f54e8d3b70e8f8132f923eb49b2ba9580bfdbf4f"
            ],
            "version": "==0.21.24"
        },
        "fasteners": {
            "hashes": [
                "sha256:007e4d2b2d4a10093f67e932e5166722d2eab83b77724156e92ad013c6226574",
                "sha256:3a176da6b70df9bb88498e1a18a9e4a8579ed5b9141207762368a1017bf8f5ef"
            ],
            "version": "==0.15"
        },
        "fsspec": {
            "hashes": [
                "sha256:2f74d8cb37820480d5802620f819385a162202c7d9dbafcf82bc25e5fade4fd7",
                "sha256:7ba96c818572afd82c8a1c658ea2bfedcdb3762ed7cf3ddcbb9896a79d1b7d78"
            ],
            "version": "==0.7.2"
        },
        "future": {
            "hashes": [
                "sha256:b1bead90b70cf6ec3f0710ae53a525360fa360d306a86583adc6bf83a4db537d"
            ],
            "version": "==0.18.2"
        },
        "gast": {
            "hashes": [
                "sha256:fe939df4583692f0512161ec1c880e0a10e71e6a232da045ab8edd3756fbadf0"
            ],
            "version": "==0.2.2"
        },
        "gcsfs": {
            "hashes": [
                "sha256:3e9845e3b8b24d18218c0f7bbdb2a9a315a47b9b6388bcaea025ab3449c17161",
                "sha256:569a046612dd474cbc3719c2e0cc2c22c17f377d58513522c7178069c597c7fb"
            ],
            "index": "pypi",
            "version": "==0.6.1"
        },
        "google-api-core": {
            "extras": [
                "grpc"
            ],
            "hashes": [
                "sha256:859f7392676761f2b160c6ee030c3422135ada4458f0948c5690a6a7c8d86294",
                "sha256:92e962a087f1c4b8d1c5c88ade1c1dfd550047dcffb320c57ef6a534a20403e2"
            ],
            "version": "==1.16.0"
        },
        "google-apitools": {
            "hashes": [
                "sha256:25c44d04a6a1f48066401af9d8b8b7220564b7dcbbe9469b7edcc1981d27d8f6",
                "sha256:c41792b0cb1a9d952545a95bb5a18376fd727e4c4977d6fa3f1643d1d51a7177"
            ],
            "version": "==0.5.28"
        },
        "google-auth": {
            "hashes": [
                "sha256:a5ee4c40fef77ea756cf2f1c0adcf475ecb53af6700cf9c133354cdc9b267148",
                "sha256:cab6c707e6ee20e567e348168a5c69dc6480384f777a9e5159f4299ad177dcc0"
            ],
            "version": "==1.13.1"
        },
        "google-auth-oauthlib": {
            "hashes": [
                "sha256:88d2cd115e3391eb85e1243ac6902e76e77c5fe438b7276b297fbe68015458dd",
                "sha256:a92a0f6f41a0fb6138454fbc02674e64f89d82a244ea32f98471733c8ef0e0e1"
            ],
            "version": "==0.4.1"
        },
        "google-cloud-bigquery": {
            "hashes": [
                "sha256:267b917a7fcaa0b61637376b89e9ce3c0e911d2c1739d4dab1981186bdc4c935",
                "sha256:b0e471ee8ae7936ccfb2b971298f5bd9979ee4a87603d70ce25bcfafa1f40f45"
            ],
            "version": "==1.17.1"
        },
        "google-cloud-bigtable": {
            "hashes": [
                "sha256:1c40f09593b5d16cf2a5ee91644676a0b01acc8082304c3100e4c0fb7c821d8b",
                "sha256:4323362b836ddf9e7324b0be1a34e3f80d09729356233c05e969b577244c49a3"
            ],
            "version": "==1.0.0"
        },
        "google-cloud-core": {
            "hashes": [
                "sha256:6ae5c62931e8345692241ac1939b85a10d6c38dc9e2854bdbacb7e5ac3033229",
                "sha256:878f9ad080a40cdcec85b92242c4b5819eeb8f120ebc5c9f640935e24fc129d8"
            ],
            "version": "==1.3.0"
        },
        "google-cloud-datastore": {
            "hashes": [
                "sha256:7a44d9b0263cbbe05963522f61ba177e64282043f30999e0bc3368fd79a3af12",
                "sha256:ffb075abf606ebd248c3ad76ac0e6d3e93858d8c61a063139938a162a58b28d0"
            ],
            "version": "==1.7.4"
        },
        "google-cloud-pubsub": {
            "hashes": [
                "sha256:12ff565ef00e4ca19d2ae26ae4515070094ba857d7c7024370dbed81fc7d58ab",
                "sha256:afb08eb558f3e4d836e6f77443f81555d6921ffc888c7c3085acd1205fba6e8c"
            ],
            "version": "==1.0.2"
        },
        "google-pasta": {
            "hashes": [
                "sha256:4612951da876b1a10fe3960d7226f0c7682cf901e16ac06e473b267a5afa8954",
                "sha256:b32482794a366b5366a32c92a9a9201b107821889935a02b3e51f6b432ea84ed",
                "sha256:c9f2c8dfc8f96d0d5808299920721be30c9eec37f2389f28904f454565c8a16e"
            ],
            "version": "==0.2.0"
        },
        "google-resumable-media": {
            "hashes": [
                "sha256:5fd2e641f477e50be925a55bcfdf0b0cb97c2b92aacd7b15c1d339f70d55c1c7",
                "sha256:cdeb8fbb3551a665db921023603af2f0d6ac59ad8b48259cb510b8799505775f"
            ],
            "version": "==0.4.1"
        },
        "googleapis-common-protos": {
            "extras": [
                "grpc"
            ],
            "hashes": [
                "sha256:013c91704279119150e44ef770086fdbba158c1f978a6402167d47d5409e226e"
            ],
            "version": "==1.51.0"
        },
        "grpc-google-iam-v1": {
            "hashes": [
                "sha256:0bfb5b56f648f457021a91c0df0db4934b6e0c300bd0f2de2333383fe958aa72"
            ],
            "version": "==0.12.3"
        },
        "grpcio": {
            "hashes": [
                "sha256:085bbf7fd0070b8d65e84aa32979f17cfe624d27b5ce23955ef770c19d2d9623",
                "sha256:0ae207a47ec0ad66eb1f53a27d566674d13a236c62ced409891335318ea9b8c5",
                "sha256:0c130204ff5de0b9f041bf3126db0d29369d69883592e4b0d3c19868ba0ced7e",
                "sha256:0ef6b380a588c2c6b29c6cfa0ba7f5d367beb33d5504bcc68658fa241ad498d2",
                "sha256:16e1edb367763ea08d0994d4635ec05f4f8db9db59c39304b061097e3b93df43",
                "sha256:16f5523dacae5aaeda4cf900da7e980747f663298c38c18eb4e5317704aa007a",
                "sha256:181b5078cf568f37915b8a118afcef5fc9f3128c59c38998ed93e7dd793e3928",
                "sha256:245564713cb4ac7bccb0f11be63781beb62299a44d8ab69031c859dbd9461728",
                "sha256:271abbe28eb99fa5c70b3f272c0c66b67dab7bb11e1d29d8e616b4e0e099d29a",
                "sha256:2e1b01cba26988c811c7fb91a0bca19c9afb776cc3d228993f08d324bdd0510a",
                "sha256:3366bd6412c1e73acb1ee27d7f0c7d7dbee118ad8d98c957c8173691b2effeec",
                "sha256:3893b39a0a17d857dc3a42fdb02a26aa53a59bfce49987187bcc0261647f1f55",
                "sha256:3c7864d5ae63b787001b01b376f6315aef1a015aa9c809535235ed0ead907919",
                "sha256:42c6716adf3ec1f608b2b56e885f26dd86e80d2fc1617f51fc92d1b0b649e28e",
                "sha256:4bef0756b9e0df78e8d67a5b1e0e89b7daf41525d575f74e1f14a993c55b680d",
                "sha256:4fe081862e58b8fbef0e479aefc9a64f8f17f53074df1085d8c1fe825a6e5df4",
                "sha256:505a8d1b4ac571a51f10c4c995d5d4714f03c886604dc3c097ef5fd57bcfcf0b",
                "sha256:5c2e81b6ab9768c43f2ca1c9a4c925823aad79ae95efb351007df4b92ebce592",
                "sha256:70ff2df0c1795c5cf585a72d95bb458838b40bad5653c314b9067ba819e918f9",
                "sha256:97b5612fc5d4bbf0490a2d80bed5eab5b59112ef1640440c1a9ac824bafa6968",
                "sha256:a35f8f4a0334ed8b05db90383aecef8e49923ab430689a4360a74052f3a89cf4",
                "sha256:aafe85a8210dfa1da3c46831b7f00c3735240b7b028eeba339eaea6ffdb593fb",
                "sha256:c2e53eb253840f05278a8410628419ba7060815f86d48c9d83b6047de21c9956",
                "sha256:c3645887db3309fc87c3db740b977d403fb265ebab292f1f6a926c4661231fd5",
                "sha256:c6565cc92853af13237b2233f331efdad07339d27fe1f5f74256bfde7dc2f587",
                "sha256:cbc322c5d5615e67c2a15be631f64e6c2bab8c12505bc7c150948abdaa0bdbac",
                "sha256:df749ee982ec35ab76d37a1e637b10a92b4573e2b4e1f86a5fa8a1273c40a850",
                "sha256:e9439d7b801c86df13c6cbb4c5a7e181c058f3c119d5e119a94a5f3090a8f060",
                "sha256:f493ac4754717f25ace3614a51dd408a32b8bff3c9c0c85e9356e7e0a120a8c8",
                "sha256:f80d10bdf1a306f7063046321fd4efc7732a606acdd4e6259b8a37349079b704",
                "sha256:f83b0c91796eb42865451a20e82246011078ba067ea0744f7301e12a94ae2e1b"
            ],
            "version": "==1.28.1"
        },
        "h5py": {
            "hashes": [
                "sha256:063947eaed5f271679ed4ffa36bb96f57bc14f44dd4336a827d9a02702e6ce6b",
                "sha256:13c87efa24768a5e24e360a40e0bc4c49bcb7ce1bb13a3a7f9902cec302ccd36",
                "sha256:16ead3c57141101e3296ebeed79c9c143c32bdd0e82a61a2fc67e8e6d493e9d1",
                "sha256:3dad1730b6470fad853ef56d755d06bb916ee68a3d8272b3bab0c1ddf83bb99e",
                "sha256:51ae56894c6c93159086ffa2c94b5b3388c0400548ab26555c143e7cfa05b8e5",
                "sha256:54817b696e87eb9e403e42643305f142cd8b940fe9b3b490bbf98c3b8a894cf4",
                "sha256:549ad124df27c056b2e255ea1c44d30fb7a17d17676d03096ad5cd85edb32dc1",
                "sha256:64f74da4a1dd0d2042e7d04cf8294e04ddad686f8eba9bb79e517ae582f6668d",
                "sha256:6998be619c695910cb0effe5eb15d3a511d3d1a5d217d4bd0bebad1151ec2262",
                "sha256:6ef7ab1089e3ef53ca099038f3c0a94d03e3560e6aff0e9d6c64c55fb13fc681",
                "sha256:769e141512b54dee14ec76ed354fcacfc7d97fea5a7646b709f7400cf1838630",
                "sha256:79b23f47c6524d61f899254f5cd5e486e19868f1823298bc0c29d345c2447172",
                "sha256:7be5754a159236e95bd196419485343e2b5875e806fe68919e087b6351f40a70",
                "sha256:84412798925dc870ffd7107f045d7659e60f5d46d1c70c700375248bf6bf512d",
                "sha256:86868dc07b9cc8cb7627372a2e6636cdc7a53b7e2854ad020c9e9d8a4d3fd0f5",
                "sha256:8bb1d2de101f39743f91512a9750fb6c351c032e5cd3204b4487383e34da7f75",
                "sha256:a5f82cd4938ff8761d9760af3274acf55afc3c91c649c50ab18fcff5510a14a5",
                "sha256:aac4b57097ac29089f179bbc2a6e14102dd210618e94d77ee4831c65f82f17c0",
                "sha256:bffbc48331b4a801d2f4b7dac8a72609f0b10e6e516e5c480a3e3241e091c878",
                "sha256:c0d4b04bbf96c47b6d360cd06939e72def512b20a18a8547fa4af810258355d5",
                "sha256:c54a2c0dd4957776ace7f95879d81582298c5daf89e77fb8bee7378f132951de",
                "sha256:cbf28ae4b5af0f05aa6e7551cee304f1d317dbed1eb7ac1d827cee2f1ef97a99",
                "sha256:d35f7a3a6cefec82bfdad2785e78359a0e6a5fbb3f605dd5623ce88082ccd681",
                "sha256:d3c59549f90a891691991c17f8e58c8544060fdf3ccdea267100fa5f561ff62f",
                "sha256:d7ae7a0576b06cb8e8a1c265a8bc4b73d05fdee6429bffc9a26a6eb531e79d72",
                "sha256:ecf4d0b56ee394a0984de15bceeb97cbe1fe485f1ac205121293fc44dcf3f31f",
                "sha256:f0e25bb91e7a02efccb50aba6591d3fe2c725479e34769802fcdd4076abfa917",
                "sha256:f23951a53d18398ef1344c186fb04b26163ca6ce449ebd23404b153fd111ded9",
                "sha256:ff7d241f866b718e4584fa95f520cb19405220c501bd3a53ee11871ba5166ea2"
            ],
            "version": "==2.10.0"
        },
        "hdfs": {
            "hashes": [
                "sha256:1be117549fc1285571bc51aedc15df5a203138dba02f9adfa26761b69a949370"
            ],
            "version": "==2.5.8"
        },
        "httplib2": {
            "hashes": [
                "sha256:f61fb838a94ce3b349aa32c92fd8430f7e3511afdb18bf9640d647e30c90a6d6"
            ],
            "version": "==0.12.0"
        },
        "idna": {
            "hashes": [
                "sha256:7588d1c14ae4c77d74036e8c22ff447b26d0fde8f007354fd48a7814db15b7cb",
                "sha256:a068a21ceac8a4d63dbfd964670474107f541babbd2250d61922f029858365fa"
            ],
            "version": "==2.9"
        },
        "keras-applications": {
            "hashes": [
                "sha256:5579f9a12bcde9748f4a12233925a59b93b73ae6947409ff34aa2ba258189fe5",
                "sha256:df4323692b8c1174af821bf906f1e442e63fa7589bf0f1230a0b6bdc5a810c95"
            ],
            "version": "==1.0.8"
        },
        "keras-preprocessing": {
            "hashes": [
                "sha256:44aee5f2c4d80c3b29f208359fcb336df80f293a0bb6b1c738da43ca206656fb",
                "sha256:5a8debe01d840de93d49e05ccf1c9b81ae30e210d34dacbcc47aeb3049b528e5"
            ],
            "version": "==1.1.0"
        },
        "markdown": {
            "hashes": [
                "sha256:90fee683eeabe1a92e149f7ba74e5ccdc81cd397bd6c516d93a8da0ef90b6902",
                "sha256:e4795399163109457d4c5af2183fbe6b60326c17cfdf25ce6e7474c6624f725d"
            ],
            "version": "==3.2.1"
        },
        "mock": {
            "hashes": [
                "sha256:5ce3c71c5545b472da17b72268978914d0252980348636840bd34a00b5cc96c1",
                "sha256:b158b6df76edd239b8208d481dc46b6afd45a846b7812ff0ce58971cf5bc8bba"
            ],
            "version": "==2.0.0"
        },
        "monotonic": {
            "hashes": [
                "sha256:23953d55076df038541e648a53676fb24980f7a1be290cdda21300b3bc21dfb0",
                "sha256:552a91f381532e33cbd07c6a2655a21908088962bb8fa7239ecbcc6ad1140cc7"
            ],
            "version": "==1.5"
        },
        "numpy": {
            "hashes": [
                "sha256:1598a6de323508cfeed6b7cd6c4efb43324f4692e20d1f76e1feec7f59013448",
                "sha256:1b0ece94018ae21163d1f651b527156e1f03943b986188dd81bc7e066eae9d1c",
                "sha256:2e40be731ad618cb4974d5ba60d373cdf4f1b8dcbf1dcf4d9dff5e212baf69c5",
                "sha256:4ba59db1fcc27ea31368af524dcf874d9277f21fd2e1f7f1e2e0c75ee61419ed",
                "sha256:59ca9c6592da581a03d42cc4e270732552243dc45e87248aa8d636d53812f6a5",
                "sha256:5e0feb76849ca3e83dd396254e47c7dba65b3fa9ed3df67c2556293ae3e16de3",
                "sha256:6d205249a0293e62bbb3898c4c2e1ff8a22f98375a34775a259a0523111a8f6c",
                "sha256:6fcc5a3990e269f86d388f165a089259893851437b904f422d301cdce4ff25c8",
                "sha256:82847f2765835c8e5308f136bc34018d09b49037ec23ecc42b246424c767056b",
                "sha256:87902e5c03355335fc5992a74ba0247a70d937f326d852fc613b7f53516c0963",
                "sha256:9ab21d1cb156a620d3999dd92f7d1c86824c622873841d6b080ca5495fa10fef",
                "sha256:a1baa1dc8ecd88fb2d2a651671a84b9938461e8a8eed13e2f0a812a94084d1fa",
                "sha256:a244f7af80dacf21054386539699ce29bcc64796ed9850c99a34b41305630286",
                "sha256:a35af656a7ba1d3decdd4fae5322b87277de8ac98b7d9da657d9e212ece76a61",
                "sha256:b1fe1a6f3a6f355f6c29789b5927f8bd4f134a4bd9a781099a7c4f66af8850f5",
                "sha256:b5ad0adb51b2dee7d0ee75a69e9871e2ddfb061c73ea8bc439376298141f77f5",
                "sha256:ba3c7a2814ec8a176bb71f91478293d633c08582119e713a0c5351c0f77698da",
                "sha256:cd77d58fb2acf57c1d1ee2835567cd70e6f1835e32090538f17f8a3a99e5e34b",
                "sha256:cdb3a70285e8220875e4d2bc394e49b4988bdb1298ffa4e0bd81b2f613be397c",
                "sha256:deb529c40c3f1e38d53d5ae6cd077c21f1d49e13afc7936f7f868455e16b64a0",
                "sha256:e7894793e6e8540dbeac77c87b489e331947813511108ae097f1715c018b8f3d"
            ],
            "version": "==1.18.2"
        },
        "oauth2client": {
            "hashes": [
                "sha256:5b5b056ec6f2304e7920b632885bd157fa71d1a7f3ddd00a43b1541a8d1a2460"
            ],
            "version": "==3.0.0"
        },
        "oauthlib": {
            "hashes": [
                "sha256:bee41cc35fcca6e988463cacc3bcb8a96224f470ca547e697b604cc697b2f889",
                "sha256:df884cd6cbe20e32633f1db1072e9356f53638e4361bef4e8b03c9127c9328ea"
            ],
            "version": "==3.1.0"
        },
        "opt-einsum": {
            "hashes": [
                "sha256:738b0a1db1d3084d360081bb64d826f9db06d2df7cc0bf8e2c9356028da1fa31",
                "sha256:f6fbfbb759e670305c5c9a4dc4432e30f65e06fede88293dacfe19915af73386"
            ],
            "version": "==3.2.0"
        },
        "pandas": {
            "hashes": [
                "sha256:07c1b58936b80eafdfe694ce964ac21567b80a48d972879a359b3ebb2ea76835",
                "sha256:0ebe327fb088df4d06145227a4aa0998e4f80a9e6aed4b61c1f303bdfdf7c722",
                "sha256:11c7cb654cd3a0e9c54d81761b5920cdc86b373510d829461d8f2ed6d5905266",
                "sha256:12f492dd840e9db1688126216706aa2d1fcd3f4df68a195f9479272d50054645",
                "sha256:167a1315367cea6ec6a5e11e791d9604f8e03f95b57ad227409de35cf850c9c5",
                "sha256:1a7c56f1df8d5ad8571fa251b864231f26b47b59cbe41aa5c0983d17dbb7a8e4",
                "sha256:1fa4bae1a6784aa550a1c9e168422798104a85bf9c77a1063ea77ee6f8452e3a",
                "sha256:32f42e322fb903d0e189a4c10b75ba70d90958cc4f66a1781ed027f1a1d14586",
                "sha256:387dc7b3c0424327fe3218f81e05fc27832772a5dffbed385013161be58df90b",
                "sha256:6597df07ea361231e60c00692d8a8099b519ed741c04e65821e632bc9ccb924c",
                "sha256:743bba36e99d4440403beb45a6f4f3a667c090c00394c176092b0b910666189b",
                "sha256:858a0d890d957ae62338624e4aeaf1de436dba2c2c0772570a686eaca8b4fc85",
                "sha256:863c3e4b7ae550749a0bb77fa22e601a36df9d2905afef34a6965bed092ba9e5",
                "sha256:a210c91a02ec5ff05617a298ad6f137b9f6f5771bf31f2d6b6367d7f71486639",
                "sha256:ca84a44cf727f211752e91eab2d1c6c1ab0f0540d5636a8382a3af428542826e",
                "sha256:d234bcf669e8b4d6cbcd99e3ce7a8918414520aeb113e2a81aeb02d0a533d7f7"
            ],
            "index": "pypi",
            "version": "==1.0.3"
        },
        "pbr": {
            "hashes": [
                "sha256:07f558fece33b05caf857474a366dfcc00562bca13dd8b47b2b3e22d9f9bf55c",
                "sha256:579170e23f8e0c2f24b0de612f71f648eccb79fb1322c814ae6b3c07b5ba23e8"
            ],
            "version": "==5.4.5"
        },
        "pillow": {
            "hashes": [
                "sha256:04a10558320eba9137d6a78ca6fc8f4a5801f1b971152938851dc4629d903579",
                "sha256:0f89ddc77cf421b8cd34ae852309501458942bf370831b4a9b406156b599a14e",
                "sha256:251e5618125ec12ac800265d7048f5857a8f8f1979db9ea3e11382e159d17f68",
                "sha256:291bad7097b06d648222b769bbfcd61e40d0abdfe10df686d20ede36eb8162b6",
                "sha256:2f0b52a08d175f10c8ea36685115681a484c55d24d0933f9fd911e4111c04144",
                "sha256:3713386d1e9e79cea1c5e6aaac042841d7eef838cc577a3ca153c8bedf570287",
                "sha256:433bbc2469a2351bea53666d97bb1eb30f0d56461735be02ea6b27654569f80f",
                "sha256:4510c6b33277970b1af83c987277f9a08ec2b02cc20ac0f9234e4026136bb137",
                "sha256:50a10b048f4dd81c092adad99fa5f7ba941edaf2f9590510109ac2a15e706695",
                "sha256:670e58d3643971f4afd79191abd21623761c2ebe61db1c2cb4797d817c4ba1a7",
                "sha256:6c1924ed7dbc6ad0636907693bbbdd3fdae1d73072963e71f5644b864bb10b4d",
                "sha256:721c04d3c77c38086f1f95d1cd8df87f2f9a505a780acf8575912b3206479da1",
                "sha256:8d5799243050c2833c2662b824dfb16aa98e408d2092805edea4300a408490e7",
                "sha256:90cd441a1638ae176eab4d8b6b94ab4ec24b212ed4c3fbee2a6e74672481d4f8",
                "sha256:a5dc9f28c0239ec2742d4273bd85b2aa84655be2564db7ad1eb8f64b1efcdc4c",
                "sha256:b2f3e8cc52ecd259b94ca880fea0d15f4ebc6da2cd3db515389bb878d800270f",
                "sha256:b7453750cf911785009423789d2e4e5393aae9cbb8b3f471dab854b85a26cb89",
                "sha256:b99b2607b6cd58396f363b448cbe71d3c35e28f03e442ab00806463439629c2c",
                "sha256:cd47793f7bc9285a88c2b5551d3f16a2ddd005789614a34c5f4a598c2a162383",
                "sha256:d6bf085f6f9ec6a1724c187083b37b58a8048f86036d42d21802ed5d1fae4853",
                "sha256:da737ab273f4d60ae552f82ad83f7cbd0e173ca30ca20b160f708c92742ee212",
                "sha256:eb84e7e5b07ff3725ab05977ac56d5eeb0c510795aeb48e8b691491be3c5745b"
            ],
            "index": "pypi",
            "version": "==7.1.1"
        },
        "protobuf": {
            "hashes": [
                "sha256:0bae429443cc4748be2aadfdaf9633297cfaeb24a9a02d0ab15849175ce90fab",
                "sha256:24e3b6ad259544d717902777b33966a1a069208c885576254c112663e6a5bb0f",
                "sha256:310a7aca6e7f257510d0c750364774034272538d51796ca31d42c3925d12a52a",
                "sha256:52e586072612c1eec18e1174f8e3bb19d08f075fc2e3f91d3b16c919078469d0",
                "sha256:73152776dc75f335c476d11d52ec6f0f6925774802cd48d6189f4d5d7fe753f4",
                "sha256:7774bbbaac81d3ba86de646c39f154afc8156717972bf0450c9dbfa1dc8dbea2",
                "sha256:82d7ac987715d8d1eb4068bf997f3053468e0ce0287e2729c30601feb6602fee",
                "sha256:8eb9c93798b904f141d9de36a0ba9f9b73cc382869e67c9e642c0aba53b0fc07",
                "sha256:adf0e4d57b33881d0c63bb11e7f9038f98ee0c3e334c221f0858f826e8fb0151",
                "sha256:c40973a0aee65422d8cb4e7d7cbded95dfeee0199caab54d5ab25b63bce8135a",
                "sha256:c77c974d1dadf246d789f6dad1c24426137c9091e930dbf50e0a29c1fcf00b1f",
                "sha256:dd9aa4401c36785ea1b6fff0552c674bdd1b641319cb07ed1fe2392388e9b0d7",
                "sha256:e11df1ac6905e81b815ab6fd518e79be0a58b5dc427a2cf7208980f30694b956",
                "sha256:e2f8a75261c26b2f5f3442b0525d50fd79a71aeca04b5ec270fc123536188306",
                "sha256:e512b7f3a4dd780f59f1bf22c302740e27b10b5c97e858a6061772668cd6f961",
                "sha256:ef2c2e56aaf9ee914d3dccc3408d42661aaf7d9bb78eaa8f17b2e6282f214481",
                "sha256:fac513a9dc2a74b99abd2e17109b53945e364649ca03d9f7a0b96aa8d1807d0a",
                "sha256:fdfb6ad138dbbf92b5dbea3576d7c8ba7463173f7d2cb0ca1bd336ec88ddbd80"
            ],
            "version": "==3.11.3"
        },
        "pyarrow": {
            "hashes": [
                "sha256:030d67418b129eb14a1c1f1af06b1a48c8074005d704789725ea6f5addaf3b26",
                "sha256:13f921560bac5ad46b17513696e38fede0c0e92ba750c7b350c0b231815bb706",
                "sha256:14dbc00edd14133c15d62c8d6c566a82a7497b077f253fc0c2dad62c7f85beaa",
                "sha256:17cda6ba594acf5a72058dd2e5ca2586fe8781fc8d20bd750a3b7c66c8b274b2",
                "sha256:1f3934b2add6839844443c1ac0eba64e14b2b8253563574d45d6831851b11d47",
                "sha256:2964a3fe09fbe704160734d00bef7b023699dc6a603dc8eb889b095effc464db",
                "sha256:364806e26769ca20a79b1ead301c7ce28fd0534eb6d411d441053288d7e45817",
                "sha256:41cf5ed34012c43b4ceeeeb2534e3454c77e852bc9175d2e506b45bad132db49",
                "sha256:4f0276e258065c82dcb7edfc28c343ccad15da02b25e57e7c60ceb80e3f7268b",
                "sha256:4fa03d2bc725e948f361a8ce7de271e39d90130ee3a3375793ac241b452c5bfa",
                "sha256:5a07222b80ae36219c558cb8875e7e346f779d0862ae277c68899db879cf5cd7",
                "sha256:5f6026673ceaa037cb41fbe86ce7ea6483cfdc91e51dea929fbbf81883a73d96",
                "sha256:7ad074690ba38313067bf3bbda1258966d38e2037c035d08b9ffe3cce07747a5",
                "sha256:87a2324a6e41faff3a482dbfc54a1f51bbf2d7da39ee728ec73869e2ef892a97",
                "sha256:b508b860486f75bcfeab72b98b4d8caa3a1517e5b7a9b3adcd5bc4539bff8a1a",
                "sha256:bc7200f7a97aea7301f61cd616b33069d1098e6d9178db6a34ccd43ea9223f53",
                "sha256:c70f7d0032be960d8dbd32661a9de062af184f411400ea2f4a13883ca11b0b1f",
                "sha256:f5af4cd64c774693af560576a6b8039d165596b1921031ca5d739bd2e7e0554b"
            ],
            "markers": "python_version >= '3.0' or platform_system != 'Windows'",
            "version": "==0.15.1"
        },
        "pyasn1": {
            "hashes": [
                "sha256:39c7e2ec30515947ff4e87fb6f456dfc6e84857d34be479c9d4a4ba4bf46aa5d",
                "sha256:aef77c9fb94a3ac588e87841208bdec464471d9871bd5050a287cc9a475cd0ba"
            ],
            "version": "==0.4.8"
        },
        "pyasn1-modules": {
            "hashes": [
                "sha256:905f84c712230b2c592c19470d3ca8d552de726050d1d1716282a1f6146be65e",
                "sha256:a50b808ffeb97cb3601dd25981f6b016cbb3d31fbf57a8b8a87428e6158d0c74"
            ],
            "version": "==0.2.8"
        },
        "pydot": {
            "hashes": [
                "sha256:67be714300c78fda5fd52f79ec994039e3f76f074948c67b5ff539b433ad354f",
                "sha256:d49c9d4dd1913beec2a997f831543c8cbd53e535b1a739e921642fe416235f01"
            ],
            "version": "==1.4.1"
        },
        "pymongo": {
            "hashes": [
                "sha256:01b4e10027aef5bb9ecefbc26f5df3368ce34aef81df43850f701e716e3fe16d",
                "sha256:0fc5aa1b1acf7f61af46fe0414e6a4d0c234b339db4c03a63da48599acf1cbfc",
                "sha256:1396eb7151e0558b1f817e4b9d7697d5599e5c40d839a9f7270bd90af994ad82",
                "sha256:18e84a3ec5e73adcb4187b8e5541b2ad61d716026ed9863267e650300d8bea33",
                "sha256:19adf2848b80cb349b9891cc854581bbf24c338be9a3260e73159bdeb2264464",
                "sha256:20ee0475aa2ba437b0a14806f125d696f90a8433d820fb558fdd6f052acde103",
                "sha256:26798795097bdeb571f13942beef7e0b60125397811c75b7aa9214d89880dd1d",
                "sha256:26e707a4eb851ec27bb969b5f1413b9b2eac28fe34271fa72329100317ea7c73",
                "sha256:2a3c7ad01553b27ec553688a1e6445e7f40355fb37d925c11fcb50b504e367f8",
                "sha256:2f07b27dbf303ea53f4147a7922ce91a26b34a0011131471d8aaf73151fdee9a",
                "sha256:316f0cf543013d0c085e15a2c8abe0db70f93c9722c0f99b6f3318ff69477d70",
                "sha256:31d11a600eea0c60de22c8bdcb58cda63c762891facdcb74248c36713240987f",
                "sha256:334ef3ffd0df87ea83a0054454336159f8ad9c1b389e19c0032d9cb8410660e6",
                "sha256:358ba4693c01022d507b96a980ded855a32dbdccc3c9331d0667be5e967f30ed",
                "sha256:3a6568bc53103df260f5c7d2da36dffc5202b9a36c85540bba1836a774943794",
                "sha256:444bf2f44264578c4085bb04493bfed0e5c1b4fe7c2704504d769f955cc78fe4",
                "sha256:47a00b22c52ee59dffc2aad02d0bbfb20c26ec5b8de8900492bf13ad6901cf35",
                "sha256:4c067db43b331fc709080d441cb2e157114fec60749667d12186cc3fc8e7a951",
                "sha256:4c092310f804a5d45a1bcaa4191d6d016c457b6ed3982a622c35f729ff1c7f6b",
                "sha256:53b711b33134e292ef8499835a3df10909c58df53a2a0308f598c432e9a62892",
                "sha256:568d6bee70652d8a5af1cd3eec48b4ca1696fb1773b80719ebbd2925b72cb8f6",
                "sha256:56fa55032782b7f8e0bf6956420d11e2d4e9860598dfe9c504edec53af0fc372",
                "sha256:5a2c492680c61b440272341294172fa3b3751797b1ab983533a770e4fb0a67ac",
                "sha256:61235cc39b5b2f593086d1d38f3fc130b2d125bd8fc8621d35bc5b6bdeb92bd2",
                "sha256:619ac9aaf681434b4d4718d1b31aa2f0fce64f2b3f8435688fcbdc0c818b6c54",
                "sha256:6238ac1f483494011abde5286282afdfacd8926659e222ba9b74c67008d3a58c",
                "sha256:63752a72ca4d4e1386278bd43d14232f51718b409e7ac86bcf8810826b531113",
                "sha256:6fdc5ccb43864065d40dd838437952e9e3da9821b7eac605ba46ada77f846bdf",
                "sha256:7abc3a6825a346fa4621a6f63e3b662bbb9e0f6ffc32d30a459d695f20fb1a8b",
                "sha256:7aef381bb9ae8a3821abd7f9d4d93978dbd99072b48522e181baeffcd95b56ae",
                "sha256:80df3caf251fe61a3f0c9614adc6e2bfcffd1cd3345280896766712fb4b4d6d7",
                "sha256:95f970f34b59987dee6f360d2e7d30e181d58957b85dff929eee4423739bd151",
                "sha256:993257f6ca3cde55332af1f62af3e04ca89ce63c08b56a387cdd46136c72f2fa",
                "sha256:9c0a57390549affc2b5dda24a38de03a5c7cbc58750cd161ff5d106c3c6eec80",
                "sha256:a0794e987d55d2f719cc95fcf980fc62d12b80e287e6a761c4be14c60bd9fecc",
                "sha256:a3b98121e68bf370dd8ea09df67e916f93ea95b52fc010902312168c4d1aff5d",
                "sha256:a60756d55f0887023b3899e6c2923ba5f0042fb11b1d17810b4e07395404f33e",
                "sha256:a676bd2fbc2309092b9bbb0083d35718b5420af3a42135ebb1e4c3633f56604d",
                "sha256:a732838c78554c1257ff2492f5c8c4c7312d0aecd7f732149e255f3749edd5ee",
                "sha256:ae65d65fde4135ef423a2608587c9ef585a3551fc2e4e431e7c7e527047581be",
                "sha256:b070a4f064a9edb70f921bfdc270725cff7a78c22036dd37a767c51393fb956f",
                "sha256:b6da85949aa91e9f8c521681344bd2e163de894a5492337fba8b05c409225a4f",
                "sha256:bbf47110765b2a999803a7de457567389253f8670f7daafb98e059c899ce9764",
                "sha256:c06b3f998d2d7160db58db69adfb807d2ec307e883e2f17f6b87a1ef6c723f11",
                "sha256:c318fb70542be16d3d4063cde6010b1e4d328993a793529c15a619251f517c39",
                "sha256:c4aef42e5fa4c9d5a99f751fb79caa880dac7eaf8a65121549318b984676a1b7",
                "sha256:c9ca545e93a9c2a3bdaa2e6e21f7a43267ff0813e8055adf2b591c13164c0c57",
                "sha256:da2c3220eb55c4239dd8b982e213da0b79023cac59fe54ca09365f2bc7e4ad32",
                "sha256:dd8055da300535eefd446b30995c0813cc4394873c9509323762a93e97c04c03",
                "sha256:e2b46e092ea54b732d98c476720386ff2ccd126de1e52076b470b117bff7e409",
                "sha256:e334c4f39a2863a239d38b5829e442a87f241a92da9941861ee6ec5d6380b7fe",
                "sha256:e5c54f04ca42bbb5153aec5d4f2e3d9f81e316945220ac318abd4083308143f5",
                "sha256:f96333f9d2517c752c20a35ff95de5fc2763ac8cdb1653df0f6f45d281620606"
            ],
            "version": "==3.10.1"
        },
        "pyparsing": {
            "hashes": [
                "sha256:c203ec8783bf771a155b207279b9bccb8dea02d8f0c9e5f8ead507bc3246ecc1",
                "sha256:ef9d7589ef3c200abe66653d3f1ab1033c3c419ae9b9bdb1240a85b024efc88b"
            ],
            "version": "==2.4.7"
        },
        "python-dateutil": {
            "hashes": [
                "sha256:73ebfe9dbf22e832286dafa60473e4cd239f8592f699aa5adaf10050e6e1823c",
                "sha256:75bb3f31ea686f1197762692a9ee6a7550b59fc6ca3a1f4b5d7e32fb98e2da2a"
            ],
            "version": "==2.8.1"
        },
        "pytz": {
            "hashes": [
                "sha256:1c557d7d0e871de1f5ccd5833f60fb2550652da6be2693c1e02300743d21500d",
                "sha256:b02c06db6cf09c12dd25137e563b31700d3b80fcc4ad23abb7a315f2789819be"
            ],
            "version": "==2019.3"
        },
        "requests": {
            "hashes": [
                "sha256:43999036bfa82904b6af1d99e4882b560e5e2c68e5c4b0aa03b655f3d7d73fee",
                "sha256:b3f43d496c6daba4493e7c431722aeb7dbc6288f52a6e04e7b6023b0247817e6"
            ],
            "version": "==2.23.0"
        },
        "requests-oauthlib": {
            "hashes": [
                "sha256:7f71572defaecd16372f9006f33c2ec8c077c3cfa6f5911a9a90202beb513f3d",
                "sha256:b4261601a71fd721a8bd6d7aa1cc1d6a8a93b4a9f5e96626f8e4d91e8beeaa6a"
            ],
            "version": "==1.3.0"
        },
        "rsa": {
            "hashes": [
                "sha256:14ba45700ff1ec9eeb206a2ce76b32814958a98e372006c8fb76ba820211be66",
                "sha256:1a836406405730121ae9823e19c6e806c62bbad73f890574fff50efa4122c487"
            ],
            "version": "==4.0"
        },
        "six": {
            "hashes": [
                "sha256:236bdbdce46e6e6a3d61a337c0f8b763ca1e8717c03b369e87a7ec7ce1319c0a",
                "sha256:8f3cd2e254d8f793e7f3d6d9df77b92252b52637291d0f0da013c76ea2724b6c"
            ],
            "version": "==1.14.0"
        },
        "tensorboard": {
            "hashes": [
                "sha256:4cad2c65f6011e51609b463014c014fd7c6ddd9c1263af1d4f18dd97ed88c2bc",
                "sha256:612b789386aa1b2c4804e1961273b37f8e4dd97613f98bc90ff0402d24627f50"
            ],
            "version": "==1.15.0"
        },
        "tensorflow": {
            "hashes": [
                "sha256:0a01def34c28298970dc83776dd43877fd59e43fddd8e960d01b6eb849ba9938",
                "sha256:1afb2e573fe666eb0dd6a45dbb7679de622a318fcc1fc401fb7819068f2d858b",
                "sha256:20bbda24b022c7cedd569bb36a6d620b68e0ea37afc91645c918971c72881388",
                "sha256:26b86d32f20dba79da30cb87d67a708678cc6c47f6e596c8783433e282e91f00",
                "sha256:5910cdde20a9143760d3b49f6d03a6a09ab5221e2f871eb51dbd422b80da07fc",
                "sha256:6265f7d86a66754b875e252effa01f7d54aa4464df3b71182d4be8b269b8a148",
                "sha256:79fbb4a38c6e6417d5eef8ccae00b16053750c5d61092ec7caabe4cea6870dc2",
                "sha256:8e4bb1c361a9b350497741c1d0a556d9592b5ce52c9b073d88dd053c182f3d15",
                "sha256:a214d7bbdae4093bab9a4c582bbf9c4464274cc9db99f94bb42b88c5c961a452",
                "sha256:af57e0e16adb4d6ccd387954c1d70e34cc4925b74da9135d2b83ca7d3dd9d102",
                "sha256:d1694e25887bc0d0c31d6c7d9c92c8bf9e0499085c7e5a9dbaacf675c44027a8"
            ],
            "index": "pypi",
            "version": "==1.15.0"
        },
        "tensorflow-estimator": {
            "hashes": [
                "sha256:8853bfb7c3c96fbdc80b3d66c37a10af6ccbcd235dc87474764270c02a0f86b9"
            ],
            "version": "==1.15.1"
        },
        "termcolor": {
            "hashes": [
                "sha256:1d6d69ce66211143803fbc56652b41d73b4a400a2891d7bf7a1cdf4c02de613b"
            ],
            "version": "==1.1.0"
        },
        "typing": {
            "hashes": [
                "sha256:91dfe6f3f706ee8cc32d38edbbf304e9b7583fb37108fef38229617f8b3eba23",
                "sha256:c8cabb5ab8945cd2f54917be357d134db9cc1eb039e59d1606dc1e60cb1d9d36",
                "sha256:f38d83c5a7a7086543a0f649564d661859c5146a85775ab90c0d2f93ffaa9714"
            ],
            "markers": "python_version < '3.8.0'",
            "version": "==3.7.4.1"
        },
        "typing-extensions": {
            "hashes": [
                "sha256:6e95524d8a547a91e08f404ae485bbb71962de46967e1b71a0cb89af24e761c5",
                "sha256:79ee589a3caca649a9bfd2a8de4709837400dfa00b6cc81962a1e6a1815969ae",
                "sha256:f8d2bd89d25bc39dabe7d23df520442fa1d8969b82544370e03d88b5a591c392"
            ],
            "markers": "python_version < '3.8.0'",
            "version": "==3.7.4.2"
        },
        "urllib3": {
            "hashes": [
                "sha256:2f3db8b19923a873b3e5256dc9c2dedfa883e33d87c690d9c7913e1f40673cdc",
                "sha256:87716c2d2a7121198ebcb7ce7cccf6ce5e9ba539041cfbaeecfb641dc0bf6acc"
            ],
            "version": "==1.25.8"
        },
        "werkzeug": {
            "hashes": [
                "sha256:2de2a5db0baeae7b2d2664949077c2ac63fbd16d98da0ff71837f7d1dea3fd43",
                "sha256:6c80b1e5ad3665290ea39320b91e1be1e0d5f60652b964a3070216de83d2e47c"
            ],
            "version": "==1.0.1"
        },
        "wheel": {
            "hashes": [
                "sha256:8788e9155fe14f54164c1b9eb0a319d98ef02c160725587ad60f14ddc57b6f96",
                "sha256:df277cb51e61359aba502208d680f90c0493adec6f0e848af94948778aed386e"
            ],
            "markers": "python_version >= '3'",
            "version": "==0.34.2"
        },
        "wrapt": {
            "hashes": [
                "sha256:b62ffa81fb85f4332a4f609cab4ac40709470da05643a082ec1eb88e6d9b97d7"
            ],
            "version": "==1.12.1"
        }
    },
    "develop": {}
}
